github.com/glendc/go-external-ip v0.1.0 h1:iX3xQ2Q26atAmLTbd++nUce2P5ht5P4uD4V7caSY/xg=
github.com/glendc/go-external-ip v0.1.0/go.mod h1:CNx312s2FLAJoWNdJWZ2Fpf5O4oLsMFwuYviHjS4uJE=
github.com/gonutz/w32/v2 v2.9.0 h1:NhT+Y4QxAXAR0yUwQxo1qlfKhFxa09cVkynmPxcNAqY=
github.com/gonutz/w32/v2 v2.9.0/go.mod h1:MgtHx0AScDVNKyB+kjyPder4xIi3XAcHS6LDDU2DmdE=
github.com/skip2/go-qrcode v0.0.0-20200617195104-da1b6568686e h1:MRM5ITcdelLK2j1vwZ3Je0FKVCfqOLp5zO6trqMLYs0=
github.com/skip2/go-qrcode v0.0.0-20200617195104-da1b6568686e/go.mod h1:XV66xRDqSt+GTGFMVlhk3ULuV0y9ZmzeVGR4mloJI3M=
golang.org/x/crypto v0.10.0 h1:LKqV2xt9+kDzSTfOhx4FrkEBcMrAgHSYgzywV9zcGmM=
golang.org/x/crypto v0.10.0/go.mod h1:o4eNf7Ede1fv+hwOwZsTHl9EsPFO6q6ZvYR8vYfY45I=
golang.org/x/sys v0.9.0 h1:KS/R3tvhPqvJvwcKfnBHJwwthS11LRhmM5D59eEXa0s=
golang.org/x/sys v0.9.0/go.mod h1:oPkhp1MJrh7nUepCBck5+mAzfO9JrbApNNgaTdGDITg=
